
Microsoft Visual Studio Solution File, Format Version 12.00
# Visual Studio 14
VisualStudioVersion = 14.0.23107.0
MinimumVisualStudioVersion = 10.0.40219.1
Project("{FAE04EC0-301F-11D3-BF4B-00C04F79EFBC}") = "diskdetector-net", "diskdetector-net\diskdetector-net.csproj", "{E5326BAC-B062-4E9E-9AC9-5DDE218A32BA}"
EndProject
Project("{FAE04EC0-301F-11D3-BF4B-00C04F79EFBC}") = "Tests", "Tests\Tests.csproj", "{E8940389-9D92-4D41-B948-F6A58F84C82E}"
EndProject
Project("{2150E333-8FDC-42A3-9474-1A3956D46DE8}") = "Solution Items", "Solution Items", "{97365F76-5C9F-445C-BFBD-58B54F17ED53}"
	ProjectSection(SolutionItems) = preProject
		LICENSE.md = LICENSE.md
		README.md = README.md
	EndProjectSection
EndProject
Global
	GlobalSection(SolutionConfigurationPlatforms) = preSolution
		Debug|Any CPU = Debug|Any CPU
		Release|Any CPU = Release|Any CPU
	EndGlobalSection
	GlobalSection(ProjectConfigurationPlatforms) = postSolution
		{E5326BAC-B062-4E9E-9AC9-5DDE218A32BA}.Debug|Any CPU.ActiveCfg = Debug|Any CPU
		{E5326BAC-B062-4E9E-9AC9-5DDE218A32BA}.Debug|Any CPU.Build.0 = Debug|Any CPU
		{E5326BAC-B062-4E9E-9AC9-5DDE218A32BA}.Release|Any CPU.ActiveCfg = Release|Any CPU
		{E5326BAC-B062-4E9E-9AC9-5DDE218A32BA}.Release|Any CPU.Build.0 = Release|Any CPU
		{E8940389-9D92-4D41-B948-F6A58F84C82E}.Debug|Any CPU.ActiveCfg = Debug|Any CPU
		{E8940389-9D92-4D41-B948-F6A58F84C82E}.Debug|Any CPU.Build.0 = Debug|Any CPU
		{E8940389-9D92-4D41-B948-F6A58F84C82E}.Release|Any CPU.ActiveCfg = Release|Any CPU
		{E8940389-9D92-4D41-B948-F6A58F84C82E}.Release|Any CPU.Build.0 = Release|Any CPU
	EndGlobalSection
	GlobalSection(SolutionProperties) = preSolution
		HideSolutionNode = FALSE
	EndGlobalSection
EndGlobal
